// !$*UTF8*$!
{
	archiveVersion = 1;
	classes = {
	};
	objectVersion = 56;
	objects = {

/* Begin PBXBuildFile section */
		560515AA2AB60EDB0059DD4E /* BmiChartView.swift in Sources */ = {isa = PBXBuildFile; fileRef = 560515A92AB60EDB0059DD4E /* BmiChartView.swift */; };
		560515AC2AB64E820059DD4E /* BAIView.swift in Sources */ = {isa = PBXBuildFile; fileRef = 560515AB2AB64E820059DD4E /* BAIView.swift */; };
		5614759A2AC87D1600B405CE /* BMIDataView.swift in Sources */ = {isa = PBXBuildFile; fileRef = 561475992AC87D1600B405CE /* BMIDataView.swift */; };
		5614759D2AC8B2DB00B405CE /* BmiDataChartView.swift in Sources */ = {isa = PBXBuildFile; fileRef = 5614759C2AC8B2DB00B405CE /* BmiDataChartView.swift */; };
		5615512B2AF90D30004C8A3F /* BaiDataChartView.swift in Sources */ = {isa = PBXBuildFile; fileRef = 5615512A2AF90D30004C8A3F /* BaiDataChartView.swift */; };
		56202D6D2AFEE241002D2A84 /* MailView.swift in Sources */ = {isa = PBXBuildFile; fileRef = 56202D6C2AFEE241002D2A84 /* MailView.swift */; };
		56202D6F2AFEEB24002D2A84 /* SendMaillView.swift in Sources */ = {isa = PBXBuildFile; fileRef = 56202D6E2AFEEB24002D2A84 /* SendMaillView.swift */; };
		5623AE5C2AF6B859000102AA /* DiaryDataView.swift in Sources */ = {isa = PBXBuildFile; fileRef = 5623AE5B2AF6B859000102AA /* DiaryDataView.swift */; };
		5623AE602AF6D6B1000102AA /* DiaryDetailView.swift in Sources */ = {isa = PBXBuildFile; fileRef = 5623AE5F2AF6D6B1000102AA /* DiaryDetailView.swift */; };
		562471C12AF8F3B700409F29 /* BaiDataView.swift in Sources */ = {isa = PBXBuildFile; fileRef = 562471C02AF8F3B700409F29 /* BaiDataView.swift */; };
		563159312B07F572006E01A1 /* BmiPDFCreator.swift in Sources */ = {isa = PBXBuildFile; fileRef = 563159302B07F572006E01A1 /* BmiPDFCreator.swift */; };
		563C8F4E2AB711AF0094C985 /* MeaningBAIView.swift in Sources */ = {isa = PBXBuildFile; fileRef = 563C8F4D2AB711AF0094C985 /* MeaningBAIView.swift */; };
		5644E5222B72D33A001F9318 /* WaterData.swift in Sources */ = {isa = PBXBuildFile; fileRef = 5644E5212B72D33A001F9318 /* WaterData.swift */; };
		5645A0782AF958DE00B6BC87 /* DiaryView.swift in Sources */ = {isa = PBXBuildFile; fileRef = 5645A0772AF958DE00B6BC87 /* DiaryView.swift */; };
		564685BF2B00EC250093E403 /* LaunchScreen.storyboard in Resources */ = {isa = PBXBuildFile; fileRef = 564685BE2B00EC250093E403 /* LaunchScreen.storyboard */; };
		5646E2D92B2106EA0051B132 /* MeaningOfBaiNewView.swift in Sources */ = {isa = PBXBuildFile; fileRef = 5646E2D82B2106EA0051B132 /* MeaningOfBaiNewView.swift */; };
		5646E2DE2B211B960051B132 /* DiaryNewView.swift in Sources */ = {isa = PBXBuildFile; fileRef = 5646E2DD2B211B960051B132 /* DiaryNewView.swift */; };
		5649EE442B0D56D800A15AF5 /* MyTabViewNew.swift in Sources */ = {isa = PBXBuildFile; fileRef = 5649EE432B0D56D800A15AF5 /* MyTabViewNew.swift */; };
		5649EE472B0D580900A15AF5 /* SettingsViewNew.swift in Sources */ = {isa = PBXBuildFile; fileRef = 5649EE462B0D580900A15AF5 /* SettingsViewNew.swift */; };
		564AADA12B21D0FF00321971 /* DiaryDataNewView.swift in Sources */ = {isa = PBXBuildFile; fileRef = 564AADA02B21D0FF00321971 /* DiaryDataNewView.swift */; };
		564F66572B62820F00791575 /* AddDrinkWAterView.swift in Sources */ = {isa = PBXBuildFile; fileRef = 564F66562B62820F00791575 /* AddDrinkWAterView.swift */; };
		5665D48B2B5DA1C700326BBC /* DietView.swift in Sources */ = {isa = PBXBuildFile; fileRef = 5665D48A2B5DA1C700326BBC /* DietView.swift */; };
		5665D48D2B5DCEAB00326BBC /* WaterDrinkView.swift in Sources */ = {isa = PBXBuildFile; fileRef = 5665D48C2B5DCEAB00326BBC /* WaterDrinkView.swift */; };
		567073DB2AE952A0002AF246 /* Localizable.xcstrings in Resources */ = {isa = PBXBuildFile; fileRef = 567073DA2AE952A0002AF246 /* Localizable.xcstrings */; };
		5673330D2B54753B001F8488 /* BMIData.swift in Sources */ = {isa = PBXBuildFile; fileRef = 5673330C2B54753B001F8488 /* BMIData.swift */; };
		5673330F2B5475BB001F8488 /* DiaryData.swift in Sources */ = {isa = PBXBuildFile; fileRef = 5673330E2B5475BB001F8488 /* DiaryData.swift */; };
		567333112B5475F7001F8488 /* BAIData.swift in Sources */ = {isa = PBXBuildFile; fileRef = 567333102B5475F7001F8488 /* BAIData.swift */; };
		5676A54C2AC4B6CC008AAB85 /* MyTabView.swift in Sources */ = {isa = PBXBuildFile; fileRef = 5676A54B2AC4B6CC008AAB85 /* MyTabView.swift */; };
		5676A5502AC4C30E008AAB85 /* SettingsView.swift in Sources */ = {isa = PBXBuildFile; fileRef = 5676A54F2AC4C30E008AAB85 /* SettingsView.swift */; };
		5677B55A2B2E4565008DEADB /* BmiChartNewView.swift in Sources */ = {isa = PBXBuildFile; fileRef = 5677B5592B2E4565008DEADB /* BmiChartNewView.swift */; };
		5684ACC02B123EDA004D6EDD /* ContentBmiViewNew.swift in Sources */ = {isa = PBXBuildFile; fileRef = 5684ACBF2B123EDA004D6EDD /* ContentBmiViewNew.swift */; };
		568D4ADF2B1BA5F9007DF35C /* CustomModifierView.swift in Sources */ = {isa = PBXBuildFile; fileRef = 568D4ADE2B1BA5F9007DF35C /* CustomModifierView.swift */; };
		568D4AE32B1BF9B6007DF35C /* MeaningOfBmiNewView.swift in Sources */ = {isa = PBXBuildFile; fileRef = 568D4AE22B1BF9B6007DF35C /* MeaningOfBmiNewView.swift */; };
		568D4AE52B1C9B98007DF35C /* BmiDataChartNewView.swift in Sources */ = {isa = PBXBuildFile; fileRef = 568D4AE42B1C9B98007DF35C /* BmiDataChartNewView.swift */; };
		568D4AE82B1D1F80007DF35C /* IdealweightNewView.swift in Sources */ = {isa = PBXBuildFile; fileRef = 568D4AE72B1D1F80007DF35C /* IdealweightNewView.swift */; };
		568D4AEB2B1DBEC9007DF35C /* BaiNewView.swift in Sources */ = {isa = PBXBuildFile; fileRef = 568D4AEA2B1DBEC9007DF35C /* BaiNewView.swift */; };
		568D4AED2B1DC19D007DF35C /* BaiDataChartNewView.swift in Sources */ = {isa = PBXBuildFile; fileRef = 568D4AEC2B1DC19D007DF35C /* BaiDataChartNewView.swift */; };
		568D4AEF2B1DD84D007DF35C /* ColorTheme.swift in Sources */ = {isa = PBXBuildFile; fileRef = 568D4AEE2B1DD84D007DF35C /* ColorTheme.swift */; };
		56908C5C2AEB23BF00F03DF3 /* MeaningOfBMIView.swift in Sources */ = {isa = PBXBuildFile; fileRef = 56908C5B2AEB23BF00F03DF3 /* MeaningOfBMIView.swift */; };
		56ABFA482AB23807005D7E49 /* Bmi_new.swift in Sources */ = {isa = PBXBuildFile; fileRef = 56ABFA472AB23807005D7E49 /* Bmi_new.swift */; };
		56ABFA4A2AB23807005D7E49 /* ContentBmiView.swift in Sources */ = {isa = PBXBuildFile; fileRef = 56ABFA492AB23807005D7E49 /* ContentBmiView.swift */; };
		56ABFA4C2AB23808005D7E49 /* Assets.xcassets in Resources */ = {isa = PBXBuildFile; fileRef = 56ABFA4B2AB23808005D7E49 /* Assets.xcassets */; };
		56ABFA4F2AB23808005D7E49 /* Preview Assets.xcassets in Resources */ = {isa = PBXBuildFile; fileRef = 56ABFA4E2AB23808005D7E49 /* Preview Assets.xcassets */; };
		56ABFA562AB2384C005D7E49 /* ViewModel.swift in Sources */ = {isa = PBXBuildFile; fileRef = 56ABFA552AB2384C005D7E49 /* ViewModel.swift */; };
		56BFBB402B081008005F2721 /* ChoicePDFView.swift in Sources */ = {isa = PBXBuildFile; fileRef = 56BFBB3F2B081008005F2721 /* ChoicePDFView.swift */; };
		56D9E9BC2B0BCDD80079EB4F /* BaiPDFCreator.swift in Sources */ = {isa = PBXBuildFile; fileRef = 56D9E9BB2B0BCDD80079EB4F /* BaiPDFCreator.swift */; };
		56E75B3E2AB38E44004E915A /* IdealweightView.swift in Sources */ = {isa = PBXBuildFile; fileRef = 56E75B3D2AB38E44004E915A /* IdealweightView.swift */; };
		56F89BFF2B254D0C00FC5390 /* DiaryDetailNewView.swift in Sources */ = {isa = PBXBuildFile; fileRef = 56F89BFE2B254D0C00FC5390 /* DiaryDetailNewView.swift */; };
		56F89C022B2706BC00FC5390 /* SendMailNewView.swift in Sources */ = {isa = PBXBuildFile; fileRef = 56F89C012B2706BC00FC5390 /* SendMailNewView.swift */; };
		56F89C042B275F8200FC5390 /* MailNewView.swift in Sources */ = {isa = PBXBuildFile; fileRef = 56F89C032B275F8200FC5390 /* MailNewView.swift */; };
		56F89C072B27606F00FC5390 /* ChoicePdfNewView.swift in Sources */ = {isa = PBXBuildFile; fileRef = 56F89C062B27606F00FC5390 /* ChoicePdfNewView.swift */; };
/* End PBXBuildFile section */

/* Begin PBXFileReference section */
		560515A92AB60EDB0059DD4E /* BmiChartView.swift */ = {isa = PBXFileReference; lastKnownFileType = sourcecode.swift; path = BmiChartView.swift; sourceTree = "<group>"; };
		560515AB2AB64E820059DD4E /* BAIView.swift */ = {isa = PBXFileReference; lastKnownFileType = sourcecode.swift; path = BAIView.swift; sourceTree = "<group>"; };
		561475992AC87D1600B405CE /* BMIDataView.swift */ = {isa = PBXFileReference; lastKnownFileType = sourcecode.swift; path = BMIDataView.swift; sourceTree = "<group>"; };
		5614759C2AC8B2DB00B405CE /* BmiDataChartView.swift */ = {isa = PBXFileReference; lastKnownFileType = sourcecode.swift; path = BmiDataChartView.swift; sourceTree = "<group>"; };
		5615512A2AF90D30004C8A3F /* BaiDataChartView.swift */ = {isa = PBXFileReference; lastKnownFileType = sourcecode.swift; path = BaiDataChartView.swift; sourceTree = "<group>"; };
		56202D6C2AFEE241002D2A84 /* MailView.swift */ = {isa = PBXFileReference; lastKnownFileType = sourcecode.swift; path = MailView.swift; sourceTree = "<group>"; };
		56202D6E2AFEEB24002D2A84 /* SendMaillView.swift */ = {isa = PBXFileReference; lastKnownFileType = sourcecode.swift; path = SendMaillView.swift; sourceTree = "<group>"; };
		5623AE5B2AF6B859000102AA /* DiaryDataView.swift */ = {isa = PBXFileReference; lastKnownFileType = sourcecode.swift; path = DiaryDataView.swift; sourceTree = "<group>"; };
		5623AE5F2AF6D6B1000102AA /* DiaryDetailView.swift */ = {isa = PBXFileReference; lastKnownFileType = sourcecode.swift; path = DiaryDetailView.swift; sourceTree = "<group>"; };
		562471C02AF8F3B700409F29 /* BaiDataView.swift */ = {isa = PBXFileReference; lastKnownFileType = sourcecode.swift; path = BaiDataView.swift; sourceTree = "<group>"; };
		563159302B07F572006E01A1 /* BmiPDFCreator.swift */ = {isa = PBXFileReference; lastKnownFileType = sourcecode.swift; path = BmiPDFCreator.swift; sourceTree = "<group>"; };
		563C8F4D2AB711AF0094C985 /* MeaningBAIView.swift */ = {isa = PBXFileReference; lastKnownFileType = sourcecode.swift; path = MeaningBAIView.swift; sourceTree = "<group>"; };
		5644E5212B72D33A001F9318 /* WaterData.swift */ = {isa = PBXFileReference; lastKnownFileType = sourcecode.swift; path = WaterData.swift; sourceTree = "<group>"; };
		5645A0772AF958DE00B6BC87 /* DiaryView.swift */ = {isa = PBXFileReference; fileEncoding = 4; lastKnownFileType = sourcecode.swift; path = DiaryView.swift; sourceTree = "<group>"; };
		564685B92B00E8550093E403 /* BMI-Remastered-Info.plist */ = {isa = PBXFileReference; lastKnownFileType = text.plist; path = "BMI-Remastered-Info.plist"; sourceTree = SOURCE_ROOT; };
		564685BE2B00EC250093E403 /* LaunchScreen.storyboard */ = {isa = PBXFileReference; lastKnownFileType = file.storyboard; path = LaunchScreen.storyboard; sourceTree = "<group>"; };
		5646E2D82B2106EA0051B132 /* MeaningOfBaiNewView.swift */ = {isa = PBXFileReference; lastKnownFileType = sourcecode.swift; path = MeaningOfBaiNewView.swift; sourceTree = "<group>"; };
		5646E2DD2B211B960051B132 /* DiaryNewView.swift */ = {isa = PBXFileReference; lastKnownFileType = sourcecode.swift; path = DiaryNewView.swift; sourceTree = "<group>"; };
		5649EE432B0D56D800A15AF5 /* MyTabViewNew.swift */ = {isa = PBXFileReference; lastKnownFileType = sourcecode.swift; path = MyTabViewNew.swift; sourceTree = "<group>"; };
		5649EE462B0D580900A15AF5 /* SettingsViewNew.swift */ = {isa = PBXFileReference; lastKnownFileType = sourcecode.swift; path = SettingsViewNew.swift; sourceTree = "<group>"; };
		564AADA02B21D0FF00321971 /* DiaryDataNewView.swift */ = {isa = PBXFileReference; lastKnownFileType = sourcecode.swift; path = DiaryDataNewView.swift; sourceTree = "<group>"; };
		564F66562B62820F00791575 /* AddDrinkWAterView.swift */ = {isa = PBXFileReference; lastKnownFileType = sourcecode.swift; path = AddDrinkWAterView.swift; sourceTree = "<group>"; };
		5665D48A2B5DA1C700326BBC /* DietView.swift */ = {isa = PBXFileReference; lastKnownFileType = sourcecode.swift; path = DietView.swift; sourceTree = "<group>"; };
		5665D48C2B5DCEAB00326BBC /* WaterDrinkView.swift */ = {isa = PBXFileReference; lastKnownFileType = sourcecode.swift; path = WaterDrinkView.swift; sourceTree = "<group>"; };
		567073DA2AE952A0002AF246 /* Localizable.xcstrings */ = {isa = PBXFileReference; lastKnownFileType = text.json.xcstrings; path = Localizable.xcstrings; sourceTree = "<group>"; };
		5673330C2B54753B001F8488 /* BMIData.swift */ = {isa = PBXFileReference; lastKnownFileType = sourcecode.swift; path = BMIData.swift; sourceTree = "<group>"; };
		5673330E2B5475BB001F8488 /* DiaryData.swift */ = {isa = PBXFileReference; lastKnownFileType = sourcecode.swift; path = DiaryData.swift; sourceTree = "<group>"; };
		567333102B5475F7001F8488 /* BAIData.swift */ = {isa = PBXFileReference; lastKnownFileType = sourcecode.swift; path = BAIData.swift; sourceTree = "<group>"; };
		5676A54B2AC4B6CC008AAB85 /* MyTabView.swift */ = {isa = PBXFileReference; lastKnownFileType = sourcecode.swift; path = MyTabView.swift; sourceTree = "<group>"; };
		5676A54F2AC4C30E008AAB85 /* SettingsView.swift */ = {isa = PBXFileReference; lastKnownFileType = sourcecode.swift; path = SettingsView.swift; sourceTree = "<group>"; };
		5677B5592B2E4565008DEADB /* BmiChartNewView.swift */ = {isa = PBXFileReference; lastKnownFileType = sourcecode.swift; path = BmiChartNewView.swift; sourceTree = "<group>"; };
		5684ACBF2B123EDA004D6EDD /* ContentBmiViewNew.swift */ = {isa = PBXFileReference; lastKnownFileType = sourcecode.swift; path = ContentBmiViewNew.swift; sourceTree = "<group>"; };
		568D4ADE2B1BA5F9007DF35C /* CustomModifierView.swift */ = {isa = PBXFileReference; lastKnownFileType = sourcecode.swift; path = CustomModifierView.swift; sourceTree = "<group>"; };
		568D4AE22B1BF9B6007DF35C /* MeaningOfBmiNewView.swift */ = {isa = PBXFileReference; lastKnownFileType = sourcecode.swift; path = MeaningOfBmiNewView.swift; sourceTree = "<group>"; };
		568D4AE42B1C9B98007DF35C /* BmiDataChartNewView.swift */ = {isa = PBXFileReference; lastKnownFileType = sourcecode.swift; path = BmiDataChartNewView.swift; sourceTree = "<group>"; };
		568D4AE72B1D1F80007DF35C /* IdealweightNewView.swift */ = {isa = PBXFileReference; lastKnownFileType = sourcecode.swift; path = IdealweightNewView.swift; sourceTree = "<group>"; };
		568D4AEA2B1DBEC9007DF35C /* BaiNewView.swift */ = {isa = PBXFileReference; lastKnownFileType = sourcecode.swift; path = BaiNewView.swift; sourceTree = "<group>"; };
		568D4AEC2B1DC19D007DF35C /* BaiDataChartNewView.swift */ = {isa = PBXFileReference; lastKnownFileType = sourcecode.swift; path = BaiDataChartNewView.swift; sourceTree = "<group>"; };
		568D4AEE2B1DD84D007DF35C /* ColorTheme.swift */ = {isa = PBXFileReference; lastKnownFileType = sourcecode.swift; path = ColorTheme.swift; sourceTree = "<group>"; };
		56908C5B2AEB23BF00F03DF3 /* MeaningOfBMIView.swift */ = {isa = PBXFileReference; lastKnownFileType = sourcecode.swift; path = MeaningOfBMIView.swift; sourceTree = "<group>"; };
		56ABFA442AB23807005D7E49 /* BMI_Remastered.app */ = {isa = PBXFileReference; explicitFileType = wrapper.application; includeInIndex = 0; path = BMI_Remastered.app; sourceTree = BUILT_PRODUCTS_DIR; };
		56ABFA472AB23807005D7E49 /* Bmi_new.swift */ = {isa = PBXFileReference; lastKnownFileType = sourcecode.swift; path = Bmi_new.swift; sourceTree = "<group>"; };
		56ABFA492AB23807005D7E49 /* ContentBmiView.swift */ = {isa = PBXFileReference; lastKnownFileType = sourcecode.swift; lineEnding = 1; path = ContentBmiView.swift; sourceTree = "<group>"; };
		56ABFA4B2AB23808005D7E49 /* Assets.xcassets */ = {isa = PBXFileReference; lastKnownFileType = folder.assetcatalog; path = Assets.xcassets; sourceTree = "<group>"; };
		56ABFA4E2AB23808005D7E49 /* Preview Assets.xcassets */ = {isa = PBXFileReference; lastKnownFileType = folder.assetcatalog; path = "Preview Assets.xcassets"; sourceTree = "<group>"; };
		56ABFA552AB2384C005D7E49 /* ViewModel.swift */ = {isa = PBXFileReference; lastKnownFileType = sourcecode.swift; path = ViewModel.swift; sourceTree = "<group>"; };
		56BFBB3F2B081008005F2721 /* ChoicePDFView.swift */ = {isa = PBXFileReference; lastKnownFileType = sourcecode.swift; path = ChoicePDFView.swift; sourceTree = "<group>"; };
		56D9E9BB2B0BCDD80079EB4F /* BaiPDFCreator.swift */ = {isa = PBXFileReference; lastKnownFileType = sourcecode.swift; path = BaiPDFCreator.swift; sourceTree = "<group>"; };
		56E75B3D2AB38E44004E915A /* IdealweightView.swift */ = {isa = PBXFileReference; lastKnownFileType = sourcecode.swift; path = IdealweightView.swift; sourceTree = "<group>"; };
		56F89BFE2B254D0C00FC5390 /* DiaryDetailNewView.swift */ = {isa = PBXFileReference; lastKnownFileType = sourcecode.swift; path = DiaryDetailNewView.swift; sourceTree = "<group>"; };
		56F89C012B2706BC00FC5390 /* SendMailNewView.swift */ = {isa = PBXFileReference; lastKnownFileType = sourcecode.swift; path = SendMailNewView.swift; sourceTree = "<group>"; };
		56F89C032B275F8200FC5390 /* MailNewView.swift */ = {isa = PBXFileReference; lastKnownFileType = sourcecode.swift; path = MailNewView.swift; sourceTree = "<group>"; };
		56F89C062B27606F00FC5390 /* ChoicePdfNewView.swift */ = {isa = PBXFileReference; lastKnownFileType = sourcecode.swift; path = ChoicePdfNewView.swift; sourceTree = "<group>"; };
/* End PBXFileReference section */

/* Begin PBXFrameworksBuildPhase section */
		56ABFA412AB23807005D7E49 /* Frameworks */ = {
			isa = PBXFrameworksBuildPhase;
			buildActionMask = 2147483647;
			files = (
			);
			runOnlyForDeploymentPostprocessing = 0;
		};
/* End PBXFrameworksBuildPhase section */

/* Begin PBXGroup section */
		5614759B2AC897A300B405CE /* BAI */ = {
			isa = PBXGroup;
			children = (
				560515AB2AB64E820059DD4E /* BAIView.swift */,
				5615512A2AF90D30004C8A3F /* BaiDataChartView.swift */,
				562471C02AF8F3B700409F29 /* BaiDataView.swift */,
				563C8F4D2AB711AF0094C985 /* MeaningBAIView.swift */,
			);
			path = BAI;
			sourceTree = "<group>";
		};
		56202D6B2AFEE1EE002D2A84 /* Mail */ = {
			isa = PBXGroup;
			children = (
				56202D6C2AFEE241002D2A84 /* MailView.swift */,
				56202D6E2AFEEB24002D2A84 /* SendMaillView.swift */,
			);
			path = Mail;
			sourceTree = "<group>";
		};
		56448CD32B001DAE006A6735 /* Launch Screen */ = {
			isa = PBXGroup;
			children = (
				564685BE2B00EC250093E403 /* LaunchScreen.storyboard */,
			);
			path = "Launch Screen";
			sourceTree = "<group>";
		};
		5646E2DA2B2115F60051B132 /* Diary New */ = {
			isa = PBXGroup;
			children = (
				5646E2DD2B211B960051B132 /* DiaryNewView.swift */,
				564AADA02B21D0FF00321971 /* DiaryDataNewView.swift */,
				56F89BFE2B254D0C00FC5390 /* DiaryDetailNewView.swift */,
			);
			path = "Diary New";
			sourceTree = "<group>";
		};
		5649D1432AE410C7000D8CD9 /* Settings */ = {
			isa = PBXGroup;
			children = (
				5676A54F2AC4C30E008AAB85 /* SettingsView.swift */,
			);
			path = Settings;
			sourceTree = "<group>";
		};
		5649D1442AE41139000D8CD9 /* ViewModel */ = {
			isa = PBXGroup;
			children = (
				56ABFA552AB2384C005D7E49 /* ViewModel.swift */,
				567333102B5475F7001F8488 /* BAIData.swift */,
				5673330E2B5475BB001F8488 /* DiaryData.swift */,
				5644E5212B72D33A001F9318 /* WaterData.swift */,
				5673330C2B54753B001F8488 /* BMIData.swift */,
			);
			path = ViewModel;
			sourceTree = "<group>";
		};
		5649D1452AE41160000D8CD9 /* Idealweight */ = {
			isa = PBXGroup;
			children = (
				56E75B3D2AB38E44004E915A /* IdealweightView.swift */,
			);
			path = Idealweight;
			sourceTree = "<group>";
		};
		5649EE402B0D51B200A15AF5 /* Old HM Design */ = {
			isa = PBXGroup;
			children = (
				5614759B2AC897A300B405CE /* BAI */,
				5649D1452AE41160000D8CD9 /* Idealweight */,
				56202D6B2AFEE1EE002D2A84 /* Mail */,
				5676A54A2AC4B5EF008AAB85 /* TabView */,
				56E74B962ABB81360055925D /* BMI */,
				5649D1432AE410C7000D8CD9 /* Settings */,
				569B43612AF1A242005AE67C /* Diary */,
				56B674782B0633650052A8B8 /* PDF */,
			);
			path = "Old HM Design";
			sourceTree = "<group>";
		};
		5649EE412B0D51D000A15AF5 /* New HM Design */ = {
			isa = PBXGroup;
			children = (
				5665D4892B5DA14D00326BBC /* Diet */,
				56F89C052B27603600FC5390 /* PDF New */,
				56F89C002B27068600FC5390 /* Mail New */,
				5646E2DA2B2115F60051B132 /* Diary New */,
				568D4AE92B1DBEB5007DF35C /* BAI New */,
				568D4AE62B1D1F5D007DF35C /* Idealweight New */,
				568D4ADB2B1BA20E007DF35C /* Modifier - Color Teme */,
				5684ACBE2B123E2E004D6EDD /* BMI New */,
				5649EE452B0D57ED00A15AF5 /* Settings New */,
				5649EE422B0D568900A15AF5 /* TabView New */,
			);
			path = "New HM Design";
			sourceTree = "<group>";
		};
		5649EE422B0D568900A15AF5 /* TabView New */ = {
			isa = PBXGroup;
			children = (
				5649EE432B0D56D800A15AF5 /* MyTabViewNew.swift */,
			);
			path = "TabView New";
			sourceTree = "<group>";
		};
		5649EE452B0D57ED00A15AF5 /* Settings New */ = {
			isa = PBXGroup;
			children = (
				5649EE462B0D580900A15AF5 /* SettingsViewNew.swift */,
			);
			path = "Settings New";
			sourceTree = "<group>";
		};
		564A05962AE94B7000D0DB15 /* Translations */ = {
			isa = PBXGroup;
			children = (
				567073DA2AE952A0002AF246 /* Localizable.xcstrings */,
			);
			path = Translations;
			sourceTree = "<group>";
		};
		564F66552B62818500791575 /* Water */ = {
			isa = PBXGroup;
			children = (
				5665D48C2B5DCEAB00326BBC /* WaterDrinkView.swift */,
				564F66562B62820F00791575 /* AddDrinkWAterView.swift */,
			);
			path = Water;
			sourceTree = "<group>";
		};
		5665D4892B5DA14D00326BBC /* Diet */ = {
			isa = PBXGroup;
			children = (
				564F66552B62818500791575 /* Water */,
				5665D48A2B5DA1C700326BBC /* DietView.swift */,
			);
			name = Diet;
			path = "Ernäfrung";
			sourceTree = "<group>";
		};
		5676A54A2AC4B5EF008AAB85 /* TabView */ = {
			isa = PBXGroup;
			children = (
				5676A54B2AC4B6CC008AAB85 /* MyTabView.swift */,
			);
			path = TabView;
			sourceTree = "<group>";
		};
		5684ACBE2B123E2E004D6EDD /* BMI New */ = {
			isa = PBXGroup;
			children = (
				5684ACBF2B123EDA004D6EDD /* ContentBmiViewNew.swift */,
				568D4AE22B1BF9B6007DF35C /* MeaningOfBmiNewView.swift */,
				568D4AE42B1C9B98007DF35C /* BmiDataChartNewView.swift */,
				5677B5592B2E4565008DEADB /* BmiChartNewView.swift */,
			);
			path = "BMI New";
			sourceTree = "<group>";
		};
		568D4ADB2B1BA20E007DF35C /* Modifier - Color Teme */ = {
			isa = PBXGroup;
			children = (
				568D4ADE2B1BA5F9007DF35C /* CustomModifierView.swift */,
				568D4AEE2B1DD84D007DF35C /* ColorTheme.swift */,
			);
			path = "Modifier - Color Teme";
			sourceTree = "<group>";
		};
		568D4AE62B1D1F5D007DF35C /* Idealweight New */ = {
			isa = PBXGroup;
			children = (
				568D4AE72B1D1F80007DF35C /* IdealweightNewView.swift */,
			);
			path = "Idealweight New";
			sourceTree = "<group>";
		};
		568D4AE92B1DBEB5007DF35C /* BAI New */ = {
			isa = PBXGroup;
			children = (
				568D4AEA2B1DBEC9007DF35C /* BaiNewView.swift */,
				568D4AEC2B1DC19D007DF35C /* BaiDataChartNewView.swift */,
				5646E2D82B2106EA0051B132 /* MeaningOfBaiNewView.swift */,
			);
			path = "BAI New";
			sourceTree = "<group>";
		};
		569B43612AF1A242005AE67C /* Diary */ = {
			isa = PBXGroup;
			children = (
				5645A0772AF958DE00B6BC87 /* DiaryView.swift */,
				5623AE5B2AF6B859000102AA /* DiaryDataView.swift */,
				5623AE5F2AF6D6B1000102AA /* DiaryDetailView.swift */,
			);
			path = Diary;
			sourceTree = "<group>";
		};
		56ABFA3B2AB23807005D7E49 = {
			isa = PBXGroup;
			children = (
				56ABFA462AB23807005D7E49 /* BMI_Remastered */,
				56ABFA452AB23807005D7E49 /* Products */,
			);
			sourceTree = "<group>";
		};
		56ABFA452AB23807005D7E49 /* Products */ = {
			isa = PBXGroup;
			children = (
				56ABFA442AB23807005D7E49 /* BMI_Remastered.app */,
			);
			name = Products;
			sourceTree = "<group>";
		};
		56ABFA462AB23807005D7E49 /* BMI_Remastered */ = {
			isa = PBXGroup;
			children = (
				564685B92B00E8550093E403 /* BMI-Remastered-Info.plist */,
				56ABFA472AB23807005D7E49 /* Bmi_new.swift */,
				564A05962AE94B7000D0DB15 /* Translations */,
				5649EE402B0D51B200A15AF5 /* Old HM Design */,
				5649EE412B0D51D000A15AF5 /* New HM Design */,
				56448CD32B001DAE006A6735 /* Launch Screen */,
				5649D1442AE41139000D8CD9 /* ViewModel */,
				56ABFA4B2AB23808005D7E49 /* Assets.xcassets */,
				56ABFA4D2AB23808005D7E49 /* Preview Content */,
			);
			path = BMI_Remastered;
			sourceTree = "<group>";
		};
		56ABFA4D2AB23808005D7E49 /* Preview Content */ = {
			isa = PBXGroup;
			children = (
				56ABFA4E2AB23808005D7E49 /* Preview Assets.xcassets */,
			);
			path = "Preview Content";
			sourceTree = "<group>";
		};
		56B674782B0633650052A8B8 /* PDF */ = {
			isa = PBXGroup;
			children = (
				56BFBB3F2B081008005F2721 /* ChoicePDFView.swift */,
				56D9E9BB2B0BCDD80079EB4F /* BaiPDFCreator.swift */,
				563159302B07F572006E01A1 /* BmiPDFCreator.swift */,
			);
			path = PDF;
			sourceTree = "<group>";
		};
		56E74B962ABB81360055925D /* BMI */ = {
			isa = PBXGroup;
			children = (
				560515A92AB60EDB0059DD4E /* BmiChartView.swift */,
				5614759C2AC8B2DB00B405CE /* BmiDataChartView.swift */,
				56ABFA492AB23807005D7E49 /* ContentBmiView.swift */,
				56908C5B2AEB23BF00F03DF3 /* MeaningOfBMIView.swift */,
				561475992AC87D1600B405CE /* BMIDataView.swift */,
			);
			path = BMI;
			sourceTree = "<group>";
		};
		56F89C002B27068600FC5390 /* Mail New */ = {
			isa = PBXGroup;
			children = (
				56F89C012B2706BC00FC5390 /* SendMailNewView.swift */,
				56F89C032B275F8200FC5390 /* MailNewView.swift */,
			);
			path = "Mail New";
			sourceTree = "<group>";
		};
		56F89C052B27603600FC5390 /* PDF New */ = {
			isa = PBXGroup;
			children = (
				56F89C062B27606F00FC5390 /* ChoicePdfNewView.swift */,
			);
			path = "PDF New";
			sourceTree = "<group>";
		};
/* End PBXGroup section */

/* Begin PBXNativeTarget section */
		56ABFA432AB23807005D7E49 /* BMI_Remastered */ = {
			isa = PBXNativeTarget;
			buildConfigurationList = 56ABFA522AB23808005D7E49 /* Build configuration list for PBXNativeTarget "BMI_Remastered" */;
			buildPhases = (
				56ABFA402AB23807005D7E49 /* Sources */,
				56ABFA412AB23807005D7E49 /* Frameworks */,
				56ABFA422AB23807005D7E49 /* Resources */,
				4F353F9E2AF984B1006DCC8C /* Swiftlint */,
			);
			buildRules = (
			);
			dependencies = (
			);
			name = BMI_Remastered;
			packageProductDependencies = (
			);
			productName = "BMI_ 2";
			productReference = 56ABFA442AB23807005D7E49 /* BMI_Remastered.app */;
			productType = "com.apple.product-type.application";
		};
/* End PBXNativeTarget section */

/* Begin PBXProject section */
		56ABFA3C2AB23807005D7E49 /* Project object */ = {
			isa = PBXProject;
			attributes = {
				BuildIndependentTargetsInParallel = 1;
				LastSwiftUpdateCheck = 1430;
				LastUpgradeCheck = 1500;
				TargetAttributes = {
					56ABFA432AB23807005D7E49 = {
						CreatedOnToolsVersion = 14.3.1;
					};
				};
			};
			buildConfigurationList = 56ABFA3F2AB23807005D7E49 /* Build configuration list for PBXProject "BMI_Remastered" */;
			compatibilityVersion = "Xcode 14.0";
			developmentRegion = en;
			hasScannedForEncodings = 0;
			knownRegions = (
				en,
				Base,
				de,
			);
			mainGroup = 56ABFA3B2AB23807005D7E49;
			packageReferences = (
				4F17B9BE2AC61A2B00E3C849 /* XCRemoteSwiftPackageReference "AnimatedNumber" */,
			);
			productRefGroup = 56ABFA452AB23807005D7E49 /* Products */;
			projectDirPath = "";
			projectRoot = "";
			targets = (
				56ABFA432AB23807005D7E49 /* BMI_Remastered */,
			);
		};
/* End PBXProject section */

/* Begin PBXResourcesBuildPhase section */
		56ABFA422AB23807005D7E49 /* Resources */ = {
			isa = PBXResourcesBuildPhase;
			buildActionMask = 2147483647;
			files = (
				56ABFA4F2AB23808005D7E49 /* Preview Assets.xcassets in Resources */,
				564685BF2B00EC250093E403 /* LaunchScreen.storyboard in Resources */,
				56ABFA4C2AB23808005D7E49 /* Assets.xcassets in Resources */,
				567073DB2AE952A0002AF246 /* Localizable.xcstrings in Resources */,
			);
			runOnlyForDeploymentPostprocessing = 0;
		};
/* End PBXResourcesBuildPhase section */

/* Begin PBXShellScriptBuildPhase section */
		4F353F9E2AF984B1006DCC8C /* Swiftlint */ = {
			isa = PBXShellScriptBuildPhase;
			alwaysOutOfDate = 1;
			buildActionMask = 2147483647;
			files = (
			);
			inputFileListPaths = (
			);
			inputPaths = (
			);
			name = Swiftlint;
			outputFileListPaths = (
			);
			outputPaths = (
			);
			runOnlyForDeploymentPostprocessing = 0;
			shellPath = /bin/sh;
			shellScript = "# Type a script or drag a script file from your workspace to insert its path.\nif [[ \"$(uname -m)\" == arm64 ]]; then\n    export PATH=\"/opt/homebrew/bin:$PATH\"\nfi\n\nif which swiftlint > /dev/null; then\n  swiftlint\nelse\n  echo \"warning: SwiftLint not installed, download from https://github.com/realm/SwiftLint\"\nfi\n";
		};
/* End PBXShellScriptBuildPhase section */

/* Begin PBXSourcesBuildPhase section */
		56ABFA402AB23807005D7E49 /* Sources */ = {
			isa = PBXSourcesBuildPhase;
			buildActionMask = 2147483647;
			files = (
				568D4ADF2B1BA5F9007DF35C /* CustomModifierView.swift in Sources */,
				560515AA2AB60EDB0059DD4E /* BmiChartView.swift in Sources */,
				56ABFA4A2AB23807005D7E49 /* ContentBmiView.swift in Sources */,
				56BFBB402B081008005F2721 /* ChoicePDFView.swift in Sources */,
				5644E5222B72D33A001F9318 /* WaterData.swift in Sources */,
				5649EE442B0D56D800A15AF5 /* MyTabViewNew.swift in Sources */,
				5673330D2B54753B001F8488 /* BMIData.swift in Sources */,
				5665D48B2B5DA1C700326BBC /* DietView.swift in Sources */,
				568D4AE32B1BF9B6007DF35C /* MeaningOfBmiNewView.swift in Sources */,
				5614759D2AC8B2DB00B405CE /* BmiDataChartView.swift in Sources */,
				56ABFA562AB2384C005D7E49 /* ViewModel.swift in Sources */,
				5673330F2B5475BB001F8488 /* DiaryData.swift in Sources */,
				560515AC2AB64E820059DD4E /* BAIView.swift in Sources */,
				5676A5502AC4C30E008AAB85 /* SettingsView.swift in Sources */,
				5623AE5C2AF6B859000102AA /* DiaryDataView.swift in Sources */,
				56202D6D2AFEE241002D2A84 /* MailView.swift in Sources */,
				5665D48D2B5DCEAB00326BBC /* WaterDrinkView.swift in Sources */,
				563C8F4E2AB711AF0094C985 /* MeaningBAIView.swift in Sources */,
				56D9E9BC2B0BCDD80079EB4F /* BaiPDFCreator.swift in Sources */,
				567333112B5475F7001F8488 /* BAIData.swift in Sources */,
				563159312B07F572006E01A1 /* BmiPDFCreator.swift in Sources */,
				56F89C022B2706BC00FC5390 /* SendMailNewView.swift in Sources */,
				56ABFA482AB23807005D7E49 /* Bmi_new.swift in Sources */,
				562471C12AF8F3B700409F29 /* BaiDataView.swift in Sources */,
				5646E2DE2B211B960051B132 /* DiaryNewView.swift in Sources */,
				56F89C072B27606F00FC5390 /* ChoicePdfNewView.swift in Sources */,
				568D4AED2B1DC19D007DF35C /* BaiDataChartNewView.swift in Sources */,
				5614759A2AC87D1600B405CE /* BMIDataView.swift in Sources */,
				568D4AEB2B1DBEC9007DF35C /* BaiNewView.swift in Sources */,
				56908C5C2AEB23BF00F03DF3 /* MeaningOfBMIView.swift in Sources */,
				564F66572B62820F00791575 /* AddDrinkWAterView.swift in Sources */,
				56202D6F2AFEEB24002D2A84 /* SendMaillView.swift in Sources */,
				56F89BFF2B254D0C00FC5390 /* DiaryDetailNewView.swift in Sources */,
				5645A0782AF958DE00B6BC87 /* DiaryView.swift in Sources */,
				568D4AE82B1D1F80007DF35C /* IdealweightNewView.swift in Sources */,
				5676A54C2AC4B6CC008AAB85 /* MyTabView.swift in Sources */,
				56E75B3E2AB38E44004E915A /* IdealweightView.swift in Sources */,
				564AADA12B21D0FF00321971 /* DiaryDataNewView.swift in Sources */,
				5677B55A2B2E4565008DEADB /* BmiChartNewView.swift in Sources */,
				5615512B2AF90D30004C8A3F /* BaiDataChartView.swift in Sources */,
				5649EE472B0D580900A15AF5 /* SettingsViewNew.swift in Sources */,
				568D4AE52B1C9B98007DF35C /* BmiDataChartNewView.swift in Sources */,
				5646E2D92B2106EA0051B132 /* MeaningOfBaiNewView.swift in Sources */,
				56F89C042B275F8200FC5390 /* MailNewView.swift in Sources */,
				568D4AEF2B1DD84D007DF35C /* ColorTheme.swift in Sources */,
				5623AE602AF6D6B1000102AA /* DiaryDetailView.swift in Sources */,
				5684ACC02B123EDA004D6EDD /* ContentBmiViewNew.swift in Sources */,
			);
			runOnlyForDeploymentPostprocessing = 0;
		};
/* End PBXSourcesBuildPhase section */

/* Begin XCBuildConfiguration section */
		56ABFA502AB23808005D7E49 /* Debug */ = {
			isa = XCBuildConfiguration;
			buildSettings = {
				ALWAYS_SEARCH_USER_PATHS = NO;
				CLANG_ANALYZER_NONNULL = YES;
				CLANG_ANALYZER_NUMBER_OBJECT_CONVERSION = YES_AGGRESSIVE;
				CLANG_CXX_LANGUAGE_STANDARD = "gnu++20";
				CLANG_ENABLE_MODULES = YES;
				CLANG_ENABLE_OBJC_ARC = YES;
				CLANG_ENABLE_OBJC_WEAK = YES;
				CLANG_WARN_BLOCK_CAPTURE_AUTORELEASING = YES;
				CLANG_WARN_BOOL_CONVERSION = YES;
				CLANG_WARN_COMMA = YES;
				CLANG_WARN_CONSTANT_CONVERSION = YES;
				CLANG_WARN_DEPRECATED_OBJC_IMPLEMENTATIONS = YES;
				CLANG_WARN_DIRECT_OBJC_ISA_USAGE = YES_ERROR;
				CLANG_WARN_DOCUMENTATION_COMMENTS = YES;
				CLANG_WARN_EMPTY_BODY = YES;
				CLANG_WARN_ENUM_CONVERSION = YES;
				CLANG_WARN_INFINITE_RECURSION = YES;
				CLANG_WARN_INT_CONVERSION = YES;
				CLANG_WARN_NON_LITERAL_NULL_CONVERSION = YES;
				CLANG_WARN_OBJC_IMPLICIT_RETAIN_SELF = YES;
				CLANG_WARN_OBJC_LITERAL_CONVERSION = YES;
				CLANG_WARN_OBJC_ROOT_CLASS = YES_ERROR;
				CLANG_WARN_QUOTED_INCLUDE_IN_FRAMEWORK_HEADER = YES;
				CLANG_WARN_RANGE_LOOP_ANALYSIS = YES;
				CLANG_WARN_STRICT_PROTOTYPES = YES;
				CLANG_WARN_SUSPICIOUS_MOVE = YES;
				CLANG_WARN_UNGUARDED_AVAILABILITY = YES_AGGRESSIVE;
				CLANG_WARN_UNREACHABLE_CODE = YES;
				CLANG_WARN__DUPLICATE_METHOD_MATCH = YES;
				COPY_PHASE_STRIP = NO;
				DEBUG_INFORMATION_FORMAT = dwarf;
				ENABLE_STRICT_OBJC_MSGSEND = YES;
				ENABLE_TESTABILITY = YES;
				ENABLE_USER_SCRIPT_SANDBOXING = YES;
				GCC_C_LANGUAGE_STANDARD = gnu11;
				GCC_DYNAMIC_NO_PIC = NO;
				GCC_NO_COMMON_BLOCKS = YES;
				GCC_OPTIMIZATION_LEVEL = 0;
				GCC_PREPROCESSOR_DEFINITIONS = (
					"DEBUG=1",
					"$(inherited)",
				);
				GCC_WARN_64_TO_32_BIT_CONVERSION = YES;
				GCC_WARN_ABOUT_RETURN_TYPE = YES_ERROR;
				GCC_WARN_UNDECLARED_SELECTOR = YES;
				GCC_WARN_UNINITIALIZED_AUTOS = YES_AGGRESSIVE;
				GCC_WARN_UNUSED_FUNCTION = YES;
				GCC_WARN_UNUSED_VARIABLE = YES;
				IPHONEOS_DEPLOYMENT_TARGET = 17.0;
				MTL_ENABLE_DEBUG_INFO = INCLUDE_SOURCE;
				MTL_FAST_MATH = YES;
				ONLY_ACTIVE_ARCH = YES;
				SDKROOT = iphoneos;
				SWIFT_ACTIVE_COMPILATION_CONDITIONS = DEBUG;
				SWIFT_OPTIMIZATION_LEVEL = "-Onone";
			};
			name = Debug;
		};
		56ABFA512AB23808005D7E49 /* Release */ = {
			isa = XCBuildConfiguration;
			buildSettings = {
				ALWAYS_SEARCH_USER_PATHS = NO;
				CLANG_ANALYZER_NONNULL = YES;
				CLANG_ANALYZER_NUMBER_OBJECT_CONVERSION = YES_AGGRESSIVE;
				CLANG_CXX_LANGUAGE_STANDARD = "gnu++20";
				CLANG_ENABLE_MODULES = YES;
				CLANG_ENABLE_OBJC_ARC = YES;
				CLANG_ENABLE_OBJC_WEAK = YES;
				CLANG_WARN_BLOCK_CAPTURE_AUTORELEASING = YES;
				CLANG_WARN_BOOL_CONVERSION = YES;
				CLANG_WARN_COMMA = YES;
				CLANG_WARN_CONSTANT_CONVERSION = YES;
				CLANG_WARN_DEPRECATED_OBJC_IMPLEMENTATIONS = YES;
				CLANG_WARN_DIRECT_OBJC_ISA_USAGE = YES_ERROR;
				CLANG_WARN_DOCUMENTATION_COMMENTS = YES;
				CLANG_WARN_EMPTY_BODY = YES;
				CLANG_WARN_ENUM_CONVERSION = YES;
				CLANG_WARN_INFINITE_RECURSION = YES;
				CLANG_WARN_INT_CONVERSION = YES;
				CLANG_WARN_NON_LITERAL_NULL_CONVERSION = YES;
				CLANG_WARN_OBJC_IMPLICIT_RETAIN_SELF = YES;
				CLANG_WARN_OBJC_LITERAL_CONVERSION = YES;
				CLANG_WARN_OBJC_ROOT_CLASS = YES_ERROR;
				CLANG_WARN_QUOTED_INCLUDE_IN_FRAMEWORK_HEADER = YES;
				CLANG_WARN_RANGE_LOOP_ANALYSIS = YES;
				CLANG_WARN_STRICT_PROTOTYPES = YES;
				CLANG_WARN_SUSPICIOUS_MOVE = YES;
				CLANG_WARN_UNGUARDED_AVAILABILITY = YES_AGGRESSIVE;
				CLANG_WARN_UNREACHABLE_CODE = YES;
				CLANG_WARN__DUPLICATE_METHOD_MATCH = YES;
				COPY_PHASE_STRIP = NO;
				DEBUG_INFORMATION_FORMAT = "dwarf-with-dsym";
				ENABLE_NS_ASSERTIONS = NO;
				ENABLE_STRICT_OBJC_MSGSEND = YES;
				ENABLE_USER_SCRIPT_SANDBOXING = YES;
				GCC_C_LANGUAGE_STANDARD = gnu11;
				GCC_NO_COMMON_BLOCKS = YES;
				GCC_WARN_64_TO_32_BIT_CONVERSION = YES;
				GCC_WARN_ABOUT_RETURN_TYPE = YES_ERROR;
				GCC_WARN_UNDECLARED_SELECTOR = YES;
				GCC_WARN_UNINITIALIZED_AUTOS = YES_AGGRESSIVE;
				GCC_WARN_UNUSED_FUNCTION = YES;
				GCC_WARN_UNUSED_VARIABLE = YES;
				IPHONEOS_DEPLOYMENT_TARGET = 17.0;
				MTL_ENABLE_DEBUG_INFO = NO;
				MTL_FAST_MATH = YES;
				SDKROOT = iphoneos;
				SWIFT_COMPILATION_MODE = wholemodule;
				SWIFT_OPTIMIZATION_LEVEL = "-O";
				VALIDATE_PRODUCT = YES;
			};
			name = Release;
		};
		56ABFA532AB23808005D7E49 /* Debug */ = {
			isa = XCBuildConfiguration;
			buildSettings = {
				ASSETCATALOG_COMPILER_APPICON_NAME = AppIcon;
				ASSETCATALOG_COMPILER_GLOBAL_ACCENT_COLOR_NAME = AccentColor;
				CODE_SIGN_STYLE = Automatic;
				CURRENT_PROJECT_VERSION = 1;
				DEVELOPMENT_ASSET_PATHS = "\"BMI_Remastered/Preview Content\"";
				DEVELOPMENT_TEAM = D3B28ZYAJ6;
				ENABLE_PREVIEWS = YES;
				ENABLE_USER_SCRIPT_SANDBOXING = NO;
				GENERATE_INFOPLIST_FILE = YES;
				INFOPLIST_FILE = "BMI-Remastered-Info.plist";
				INFOPLIST_KEY_CFBundleDisplayName = HealthMetrics;
				INFOPLIST_KEY_LSApplicationCategoryType = "public.app-category.healthcare-fitness";
				INFOPLIST_KEY_UIApplicationSceneManifest_Generation = YES;
				INFOPLIST_KEY_UIApplicationSupportsIndirectInputEvents = YES;
				INFOPLIST_KEY_UILaunchScreen_Generation = YES;
				INFOPLIST_KEY_UILaunchStoryboardName = LaunchScreen.storyboard;
				INFOPLIST_KEY_UISupportedInterfaceOrientations = UIInterfaceOrientationPortrait;
				INFOPLIST_KEY_UISupportedInterfaceOrientations_iPad = "UIInterfaceOrientationLandscapeLeft UIInterfaceOrientationLandscapeRight UIInterfaceOrientationPortrait UIInterfaceOrientationPortraitUpsideDown";
				IPHONEOS_DEPLOYMENT_TARGET = 17.0;
				LD_RUNPATH_SEARCH_PATHS = (
					"$(inherited)",
					"@executable_path/Frameworks",
				);
				MARKETING_VERSION = 1.0;
				PRODUCT_BUNDLE_IDENTIFIER = me.horn.victor.leonard;
				PRODUCT_NAME = "$(TARGET_NAME)";
				SUPPORTED_PLATFORMS = "iphoneos iphonesimulator";
				SUPPORTS_MACCATALYST = NO;
				SUPPORTS_MAC_DESIGNED_FOR_IPHONE_IPAD = NO;
				SWIFT_EMIT_LOC_STRINGS = YES;
				SWIFT_VERSION = 5.0;
				TARGETED_DEVICE_FAMILY = 1;
			};
			name = Debug;
		};
		56ABFA542AB23808005D7E49 /* Release */ = {
			isa = XCBuildConfiguration;
			buildSettings = {
				ASSETCATALOG_COMPILER_APPICON_NAME = AppIcon;
				ASSETCATALOG_COMPILER_GLOBAL_ACCENT_COLOR_NAME = AccentColor;
				CODE_SIGN_STYLE = Automatic;
				CURRENT_PROJECT_VERSION = 1;
				DEVELOPMENT_ASSET_PATHS = "\"BMI_Remastered/Preview Content\"";
				DEVELOPMENT_TEAM = D3B28ZYAJ6;
				ENABLE_PREVIEWS = YES;
				ENABLE_USER_SCRIPT_SANDBOXING = NO;
				GENERATE_INFOPLIST_FILE = YES;
				INFOPLIST_FILE = "BMI-Remastered-Info.plist";
				INFOPLIST_KEY_CFBundleDisplayName = HealthMetrics;
				INFOPLIST_KEY_LSApplicationCategoryType = "public.app-category.healthcare-fitness";
				INFOPLIST_KEY_UIApplicationSceneManifest_Generation = YES;
				INFOPLIST_KEY_UIApplicationSupportsIndirectInputEvents = YES;
				INFOPLIST_KEY_UILaunchScreen_Generation = YES;
				INFOPLIST_KEY_UILaunchStoryboardName = LaunchScreen.storyboard;
				INFOPLIST_KEY_UISupportedInterfaceOrientations = UIInterfaceOrientationPortrait;
				INFOPLIST_KEY_UISupportedInterfaceOrientations_iPad = "UIInterfaceOrientationLandscapeLeft UIInterfaceOrientationLandscapeRight UIInterfaceOrientationPortrait UIInterfaceOrientationPortraitUpsideDown";
				IPHONEOS_DEPLOYMENT_TARGET = 17.0;
				LD_RUNPATH_SEARCH_PATHS = (
					"$(inherited)",
					"@executable_path/Frameworks",
				);
				MARKETING_VERSION = 1.0;
				PRODUCT_BUNDLE_IDENTIFIER = me.horn.victor.leonard;
				PRODUCT_NAME = "$(TARGET_NAME)";
				SUPPORTED_PLATFORMS = "iphoneos iphonesimulator";
				SUPPORTS_MACCATALYST = NO;
				SUPPORTS_MAC_DESIGNED_FOR_IPHONE_IPAD = NO;
				SWIFT_EMIT_LOC_STRINGS = YES;
				SWIFT_VERSION = 5.0;
				TARGETED_DEVICE_FAMILY = 1;
			};
			name = Release;
		};
/* End XCBuildConfiguration section */

/* Begin XCConfigurationList section */
		56ABFA3F2AB23807005D7E49 /* Build configuration list for PBXProject "BMI_Remastered" */ = {
			isa = XCConfigurationList;
			buildConfigurations = (
				56ABFA502AB23808005D7E49 /* Debug */,
				56ABFA512AB23808005D7E49 /* Release */,
			);
			defaultConfigurationIsVisible = 0;
			defaultConfigurationName = Release;
		};
		56ABFA522AB23808005D7E49 /* Build configuration list for PBXNativeTarget "BMI_Remastered" */ = {
			isa = XCConfigurationList;
			buildConfigurations = (
				56ABFA532AB23808005D7E49 /* Debug */,
				56ABFA542AB23808005D7E49 /* Release */,
			);
			defaultConfigurationIsVisible = 0;
			defaultConfigurationName = Release;
		};
/* End XCConfigurationList section */

/* Begin XCRemoteSwiftPackageReference section */
		4F17B9BE2AC61A2B00E3C849 /* XCRemoteSwiftPackageReference "AnimatedNumber" */ = {
			isa = XCRemoteSwiftPackageReference;
			repositoryURL = "https://github.com/jeffgrann/AnimatedNumber";
			requirement = {
				kind = upToNextMajorVersion;
				minimumVersion = 1.0.7;
			};
		};
/* End XCRemoteSwiftPackageReference section */
	};
	rootObject = 56ABFA3C2AB23807005D7E49 /* Project object */;
}
