// !$*UTF8*$!
{
	archiveVersion = 1;
	classes = {
	};
	objectVersion = 56;
	objects = {

/* Begin PBXBuildFile section */
		4F17B9C02AC61A2B00E3C849 /* AnimatedNumber in Frameworks */ = {isa = PBXBuildFile; productRef = 4F17B9BF2AC61A2B00E3C849 /* AnimatedNumber */; };
		560515AA2AB60EDB0059DD4E /* BmiChartView.swift in Sources */ = {isa = PBXBuildFile; fileRef = 560515A92AB60EDB0059DD4E /* BmiChartView.swift */; };
		560515AC2AB64E820059DD4E /* BAIView.swift in Sources */ = {isa = PBXBuildFile; fileRef = 560515AB2AB64E820059DD4E /* BAIView.swift */; };
		5614759A2AC87D1600B405CE /* BMIDataView.swift in Sources */ = {isa = PBXBuildFile; fileRef = 561475992AC87D1600B405CE /* BMIDataView.swift */; };
		5614759D2AC8B2DB00B405CE /* BmiDataChartView.swift in Sources */ = {isa = PBXBuildFile; fileRef = 5614759C2AC8B2DB00B405CE /* BmiDataChartView.swift */; };
		5614759F2AC8C12A00B405CE /* HomeView.swift in Sources */ = {isa = PBXBuildFile; fileRef = 5614759E2AC8C12A00B405CE /* HomeView.swift */; };
		563C8F4E2AB711AF0094C985 /* MeaningBAIView.swift in Sources */ = {isa = PBXBuildFile; fileRef = 563C8F4D2AB711AF0094C985 /* MeaningBAIView.swift */; };
		5676A54C2AC4B6CC008AAB85 /* MyTabView.swift in Sources */ = {isa = PBXBuildFile; fileRef = 5676A54B2AC4B6CC008AAB85 /* MyTabView.swift */; };
		5676A5502AC4C30E008AAB85 /* Settings.swift in Sources */ = {isa = PBXBuildFile; fileRef = 5676A54F2AC4C30E008AAB85 /* Settings.swift */; };
		56ABFA482AB23807005D7E49 /* BMI_Remastered.swift in Sources */ = {isa = PBXBuildFile; fileRef = 56ABFA472AB23807005D7E49 /* BMI_Remastered.swift */; };
		56ABFA4A2AB23807005D7E49 /* ContentView.swift in Sources */ = {isa = PBXBuildFile; fileRef = 56ABFA492AB23807005D7E49 /* ContentView.swift */; };
		56ABFA4C2AB23808005D7E49 /* Assets.xcassets in Resources */ = {isa = PBXBuildFile; fileRef = 56ABFA4B2AB23808005D7E49 /* Assets.xcassets */; };
		56ABFA4F2AB23808005D7E49 /* Preview Assets.xcassets in Resources */ = {isa = PBXBuildFile; fileRef = 56ABFA4E2AB23808005D7E49 /* Preview Assets.xcassets */; };
		56ABFA562AB2384C005D7E49 /* ViewModel.swift in Sources */ = {isa = PBXBuildFile; fileRef = 56ABFA552AB2384C005D7E49 /* ViewModel.swift */; };
		56E75B3E2AB38E44004E915A /* IdealWeight.swift in Sources */ = {isa = PBXBuildFile; fileRef = 56E75B3D2AB38E44004E915A /* IdealWeight.swift */; };
/* End PBXBuildFile section */

/* Begin PBXFileReference section */
		560515A92AB60EDB0059DD4E /* BmiChartView.swift */ = {isa = PBXFileReference; lastKnownFileType = sourcecode.swift; path = BmiChartView.swift; sourceTree = "<group>"; };
		560515AB2AB64E820059DD4E /* BAIView.swift */ = {isa = PBXFileReference; lastKnownFileType = sourcecode.swift; path = BAIView.swift; sourceTree = "<group>"; };
		561475992AC87D1600B405CE /* BMIDataView.swift */ = {isa = PBXFileReference; lastKnownFileType = sourcecode.swift; path = BMIDataView.swift; sourceTree = "<group>"; };
		5614759C2AC8B2DB00B405CE /* BmiDataChartView.swift */ = {isa = PBXFileReference; lastKnownFileType = sourcecode.swift; path = BmiDataChartView.swift; sourceTree = "<group>"; };
		5614759E2AC8C12A00B405CE /* HomeView.swift */ = {isa = PBXFileReference; lastKnownFileType = sourcecode.swift; path = HomeView.swift; sourceTree = "<group>"; };
		563C8F4D2AB711AF0094C985 /* MeaningBAIView.swift */ = {isa = PBXFileReference; lastKnownFileType = sourcecode.swift; path = MeaningBAIView.swift; sourceTree = "<group>"; };
		5676A54B2AC4B6CC008AAB85 /* MyTabView.swift */ = {isa = PBXFileReference; lastKnownFileType = sourcecode.swift; path = MyTabView.swift; sourceTree = "<group>"; };
		5676A54F2AC4C30E008AAB85 /* Settings.swift */ = {isa = PBXFileReference; lastKnownFileType = sourcecode.swift; path = Settings.swift; sourceTree = "<group>"; };
		56ABFA442AB23807005D7E49 /* BMI_Remastered.app */ = {isa = PBXFileReference; explicitFileType = wrapper.application; includeInIndex = 0; path = BMI_Remastered.app; sourceTree = BUILT_PRODUCTS_DIR; };
		56ABFA472AB23807005D7E49 /* BMI_Remastered.swift */ = {isa = PBXFileReference; lastKnownFileType = sourcecode.swift; path = BMI_Remastered.swift; sourceTree = "<group>"; };
		56ABFA492AB23807005D7E49 /* ContentView.swift */ = {isa = PBXFileReference; lastKnownFileType = sourcecode.swift; path = ContentView.swift; sourceTree = "<group>"; };
		56ABFA4B2AB23808005D7E49 /* Assets.xcassets */ = {isa = PBXFileReference; lastKnownFileType = folder.assetcatalog; path = Assets.xcassets; sourceTree = "<group>"; };
		56ABFA4E2AB23808005D7E49 /* Preview Assets.xcassets */ = {isa = PBXFileReference; lastKnownFileType = folder.assetcatalog; path = "Preview Assets.xcassets"; sourceTree = "<group>"; };
		56ABFA552AB2384C005D7E49 /* ViewModel.swift */ = {isa = PBXFileReference; lastKnownFileType = sourcecode.swift; path = ViewModel.swift; sourceTree = "<group>"; };
		56E75B3D2AB38E44004E915A /* IdealWeight.swift */ = {isa = PBXFileReference; lastKnownFileType = sourcecode.swift; path = IdealWeight.swift; sourceTree = "<group>"; };
/* End PBXFileReference section */

/* Begin PBXFrameworksBuildPhase section */
		56ABFA412AB23807005D7E49 /* Frameworks */ = {
			isa = PBXFrameworksBuildPhase;
			buildActionMask = 2147483647;
			files = (
				4F17B9C02AC61A2B00E3C849 /* AnimatedNumber in Frameworks */,
			);
			runOnlyForDeploymentPostprocessing = 0;
		};
/* End PBXFrameworksBuildPhase section */

/* Begin PBXGroup section */
		5614759B2AC897A300B405CE /* BAI */ = {
			isa = PBXGroup;
			children = (
				560515AB2AB64E820059DD4E /* BAIView.swift */,
				563C8F4D2AB711AF0094C985 /* MeaningBAIView.swift */,
			);
			path = BAI;
			sourceTree = "<group>";
		};
		5676A54A2AC4B5EF008AAB85 /* Custom Views */ = {
			isa = PBXGroup;
			children = (
				5676A54B2AC4B6CC008AAB85 /* MyTabView.swift */,
				5676A54E2AC4C2E5008AAB85 /* Views */,
			);
			path = "Custom Views";
			sourceTree = "<group>";
		};
		5676A54E2AC4C2E5008AAB85 /* Views */ = {
			isa = PBXGroup;
			children = (
				5676A54F2AC4C30E008AAB85 /* Settings.swift */,
				5614759E2AC8C12A00B405CE /* HomeView.swift */,
			);
			path = Views;
			sourceTree = "<group>";
		};
		56ABFA3B2AB23807005D7E49 = {
			isa = PBXGroup;
			children = (
				56ABFA462AB23807005D7E49 /* BMI_Remastered */,
				56ABFA452AB23807005D7E49 /* Products */,
			);
			sourceTree = "<group>";
		};
		56ABFA452AB23807005D7E49 /* Products */ = {
			isa = PBXGroup;
			children = (
				56ABFA442AB23807005D7E49 /* BMI_Remastered.app */,
			);
			name = Products;
			sourceTree = "<group>";
		};
		56ABFA462AB23807005D7E49 /* BMI_Remastered */ = {
			isa = PBXGroup;
			children = (
				56ABFA472AB23807005D7E49 /* BMI_Remastered.swift */,
				56E74B962ABB81360055925D /* BMI */,
				5676A54A2AC4B5EF008AAB85 /* Custom Views */,
				5614759B2AC897A300B405CE /* BAI */,
				56ABFA552AB2384C005D7E49 /* ViewModel.swift */,
				56E75B3D2AB38E44004E915A /* IdealWeight.swift */,
				56ABFA4B2AB23808005D7E49 /* Assets.xcassets */,
				56ABFA4D2AB23808005D7E49 /* Preview Content */,
			);
			path = BMI_Remastered;
			sourceTree = "<group>";
		};
		56ABFA4D2AB23808005D7E49 /* Preview Content */ = {
			isa = PBXGroup;
			children = (
				56ABFA4E2AB23808005D7E49 /* Preview Assets.xcassets */,
			);
			path = "Preview Content";
			sourceTree = "<group>";
		};
		56E74B962ABB81360055925D /* BMI */ = {
			isa = PBXGroup;
			children = (
				560515A92AB60EDB0059DD4E /* BmiChartView.swift */,
				5614759C2AC8B2DB00B405CE /* BmiDataChartView.swift */,
				56ABFA492AB23807005D7E49 /* ContentView.swift */,
				561475992AC87D1600B405CE /* BMIDataView.swift */,
			);
			path = BMI;
			sourceTree = "<group>";
		};
/* End PBXGroup section */

/* Begin PBXNativeTarget section */
		56ABFA432AB23807005D7E49 /* BMI_Remastered */ = {
			isa = PBXNativeTarget;
			buildConfigurationList = 56ABFA522AB23808005D7E49 /* Build configuration list for PBXNativeTarget "BMI_Remastered" */;
			buildPhases = (
				56ABFA402AB23807005D7E49 /* Sources */,
				56ABFA412AB23807005D7E49 /* Frameworks */,
				56ABFA422AB23807005D7E49 /* Resources */,
			);
			buildRules = (
			);
			dependencies = (
			);
			name = BMI_Remastered;
			packageProductDependencies = (
				4F17B9BF2AC61A2B00E3C849 /* AnimatedNumber */,
			);
			productName = "BMI_ 2";
			productReference = 56ABFA442AB23807005D7E49 /* BMI_Remastered.app */;
			productType = "com.apple.product-type.application";
		};
/* End PBXNativeTarget section */

/* Begin PBXProject section */
		56ABFA3C2AB23807005D7E49 /* Project object */ = {
			isa = PBXProject;
			attributes = {
				BuildIndependentTargetsInParallel = 1;
				LastSwiftUpdateCheck = 1430;
				LastUpgradeCheck = 1430;
				TargetAttributes = {
					56ABFA432AB23807005D7E49 = {
						CreatedOnToolsVersion = 14.3.1;
					};
				};
			};
			buildConfigurationList = 56ABFA3F2AB23807005D7E49 /* Build configuration list for PBXProject "BMI_Remastered" */;
			compatibilityVersion = "Xcode 14.0";
			developmentRegion = en;
			hasScannedForEncodings = 0;
			knownRegions = (
				en,
				Base,
			);
			mainGroup = 56ABFA3B2AB23807005D7E49;
			packageReferences = (
				4F17B9BE2AC61A2B00E3C849 /* XCRemoteSwiftPackageReference "AnimatedNumber" */,
			);
			productRefGroup = 56ABFA452AB23807005D7E49 /* Products */;
			projectDirPath = "";
			projectRoot = "";
			targets = (
				56ABFA432AB23807005D7E49 /* BMI_Remastered */,
			);
		};
/* End PBXProject section */

/* Begin PBXResourcesBuildPhase section */
		56ABFA422AB23807005D7E49 /* Resources */ = {
			isa = PBXResourcesBuildPhase;
			buildActionMask = 2147483647;
			files = (
				56ABFA4F2AB23808005D7E49 /* Preview Assets.xcassets in Resources */,
				56ABFA4C2AB23808005D7E49 /* Assets.xcassets in Resources */,
			);
			runOnlyForDeploymentPostprocessing = 0;
		};
/* End PBXResourcesBuildPhase section */

/* Begin PBXSourcesBuildPhase section */
		56ABFA402AB23807005D7E49 /* Sources */ = {
			isa = PBXSourcesBuildPhase;
			buildActionMask = 2147483647;
			files = (
				560515AA2AB60EDB0059DD4E /* BmiChartView.swift in Sources */,
				56ABFA4A2AB23807005D7E49 /* ContentView.swift in Sources */,
				5614759D2AC8B2DB00B405CE /* BmiDataChartView.swift in Sources */,
				56ABFA562AB2384C005D7E49 /* ViewModel.swift in Sources */,
				560515AC2AB64E820059DD4E /* BAIView.swift in Sources */,
				5676A5502AC4C30E008AAB85 /* Settings.swift in Sources */,
				563C8F4E2AB711AF0094C985 /* MeaningBAIView.swift in Sources */,
				56ABFA482AB23807005D7E49 /* BMI_Remastered.swift in Sources */,
				5614759A2AC87D1600B405CE /* BMIDataView.swift in Sources */,
				5676A54C2AC4B6CC008AAB85 /* MyTabView.swift in Sources */,
				56E75B3E2AB38E44004E915A /* IdealWeight.swift in Sources */,
				5614759F2AC8C12A00B405CE /* HomeView.swift in Sources */,
			);
			runOnlyForDeploymentPostprocessing = 0;
		};
/* End PBXSourcesBuildPhase section */

/* Begin XCBuildConfiguration section */
		56ABFA502AB23808005D7E49 /* Debug */ = {
			isa = XCBuildConfiguration;
			buildSettings = {
				ALWAYS_SEARCH_USER_PATHS = NO;
				CLANG_ANALYZER_NONNULL = YES;
				CLANG_ANALYZER_NUMBER_OBJECT_CONVERSION = YES_AGGRESSIVE;
				CLANG_CXX_LANGUAGE_STANDARD = "gnu++20";
				CLANG_ENABLE_MODULES = YES;
				CLANG_ENABLE_OBJC_ARC = YES;
				CLANG_ENABLE_OBJC_WEAK = YES;
				CLANG_WARN_BLOCK_CAPTURE_AUTORELEASING = YES;
				CLANG_WARN_BOOL_CONVERSION = YES;
				CLANG_WARN_COMMA = YES;
				CLANG_WARN_CONSTANT_CONVERSION = YES;
				CLANG_WARN_DEPRECATED_OBJC_IMPLEMENTATIONS = YES;
				CLANG_WARN_DIRECT_OBJC_ISA_USAGE = YES_ERROR;
				CLANG_WARN_DOCUMENTATION_COMMENTS = YES;
				CLANG_WARN_EMPTY_BODY = YES;
				CLANG_WARN_ENUM_CONVERSION = YES;
				CLANG_WARN_INFINITE_RECURSION = YES;
				CLANG_WARN_INT_CONVERSION = YES;
				CLANG_WARN_NON_LITERAL_NULL_CONVERSION = YES;
				CLANG_WARN_OBJC_IMPLICIT_RETAIN_SELF = YES;
				CLANG_WARN_OBJC_LITERAL_CONVERSION = YES;
				CLANG_WARN_OBJC_ROOT_CLASS = YES_ERROR;
				CLANG_WARN_QUOTED_INCLUDE_IN_FRAMEWORK_HEADER = YES;
				CLANG_WARN_RANGE_LOOP_ANALYSIS = YES;
				CLANG_WARN_STRICT_PROTOTYPES = YES;
				CLANG_WARN_SUSPICIOUS_MOVE = YES;
				CLANG_WARN_UNGUARDED_AVAILABILITY = YES_AGGRESSIVE;
				CLANG_WARN_UNREACHABLE_CODE = YES;
				CLANG_WARN__DUPLICATE_METHOD_MATCH = YES;
				COPY_PHASE_STRIP = NO;
				DEBUG_INFORMATION_FORMAT = dwarf;
				ENABLE_STRICT_OBJC_MSGSEND = YES;
				ENABLE_TESTABILITY = YES;
				GCC_C_LANGUAGE_STANDARD = gnu11;
				GCC_DYNAMIC_NO_PIC = NO;
				GCC_NO_COMMON_BLOCKS = YES;
				GCC_OPTIMIZATION_LEVEL = 0;
				GCC_PREPROCESSOR_DEFINITIONS = (
					"DEBUG=1",
					"$(inherited)",
				);
				GCC_WARN_64_TO_32_BIT_CONVERSION = YES;
				GCC_WARN_ABOUT_RETURN_TYPE = YES_ERROR;
				GCC_WARN_UNDECLARED_SELECTOR = YES;
				GCC_WARN_UNINITIALIZED_AUTOS = YES_AGGRESSIVE;
				GCC_WARN_UNUSED_FUNCTION = YES;
				GCC_WARN_UNUSED_VARIABLE = YES;
				IPHONEOS_DEPLOYMENT_TARGET = 16.4;
				MTL_ENABLE_DEBUG_INFO = INCLUDE_SOURCE;
				MTL_FAST_MATH = YES;
				ONLY_ACTIVE_ARCH = YES;
				SDKROOT = iphoneos;
				SWIFT_ACTIVE_COMPILATION_CONDITIONS = DEBUG;
				SWIFT_OPTIMIZATION_LEVEL = "-Onone";
			};
			name = Debug;
		};
		56ABFA512AB23808005D7E49 /* Release */ = {
			isa = XCBuildConfiguration;
			buildSettings = {
				ALWAYS_SEARCH_USER_PATHS = NO;
				CLANG_ANALYZER_NONNULL = YES;
				CLANG_ANALYZER_NUMBER_OBJECT_CONVERSION = YES_AGGRESSIVE;
				CLANG_CXX_LANGUAGE_STANDARD = "gnu++20";
				CLANG_ENABLE_MODULES = YES;
				CLANG_ENABLE_OBJC_ARC = YES;
				CLANG_ENABLE_OBJC_WEAK = YES;
				CLANG_WARN_BLOCK_CAPTURE_AUTORELEASING = YES;
				CLANG_WARN_BOOL_CONVERSION = YES;
				CLANG_WARN_COMMA = YES;
				CLANG_WARN_CONSTANT_CONVERSION = YES;
				CLANG_WARN_DEPRECATED_OBJC_IMPLEMENTATIONS = YES;
				CLANG_WARN_DIRECT_OBJC_ISA_USAGE = YES_ERROR;
				CLANG_WARN_DOCUMENTATION_COMMENTS = YES;
				CLANG_WARN_EMPTY_BODY = YES;
				CLANG_WARN_ENUM_CONVERSION = YES;
				CLANG_WARN_INFINITE_RECURSION = YES;
				CLANG_WARN_INT_CONVERSION = YES;
				CLANG_WARN_NON_LITERAL_NULL_CONVERSION = YES;
				CLANG_WARN_OBJC_IMPLICIT_RETAIN_SELF = YES;
				CLANG_WARN_OBJC_LITERAL_CONVERSION = YES;
				CLANG_WARN_OBJC_ROOT_CLASS = YES_ERROR;
				CLANG_WARN_QUOTED_INCLUDE_IN_FRAMEWORK_HEADER = YES;
				CLANG_WARN_RANGE_LOOP_ANALYSIS = YES;
				CLANG_WARN_STRICT_PROTOTYPES = YES;
				CLANG_WARN_SUSPICIOUS_MOVE = YES;
				CLANG_WARN_UNGUARDED_AVAILABILITY = YES_AGGRESSIVE;
				CLANG_WARN_UNREACHABLE_CODE = YES;
				CLANG_WARN__DUPLICATE_METHOD_MATCH = YES;
				COPY_PHASE_STRIP = NO;
				DEBUG_INFORMATION_FORMAT = "dwarf-with-dsym";
				ENABLE_NS_ASSERTIONS = NO;
				ENABLE_STRICT_OBJC_MSGSEND = YES;
				GCC_C_LANGUAGE_STANDARD = gnu11;
				GCC_NO_COMMON_BLOCKS = YES;
				GCC_WARN_64_TO_32_BIT_CONVERSION = YES;
				GCC_WARN_ABOUT_RETURN_TYPE = YES_ERROR;
				GCC_WARN_UNDECLARED_SELECTOR = YES;
				GCC_WARN_UNINITIALIZED_AUTOS = YES_AGGRESSIVE;
				GCC_WARN_UNUSED_FUNCTION = YES;
				GCC_WARN_UNUSED_VARIABLE = YES;
				IPHONEOS_DEPLOYMENT_TARGET = 16.4;
				MTL_ENABLE_DEBUG_INFO = NO;
				MTL_FAST_MATH = YES;
				SDKROOT = iphoneos;
				SWIFT_COMPILATION_MODE = wholemodule;
				SWIFT_OPTIMIZATION_LEVEL = "-O";
				VALIDATE_PRODUCT = YES;
			};
			name = Release;
		};
		56ABFA532AB23808005D7E49 /* Debug */ = {
			isa = XCBuildConfiguration;
			buildSettings = {
				ASSETCATALOG_COMPILER_APPICON_NAME = AppIcon;
				ASSETCATALOG_COMPILER_GLOBAL_ACCENT_COLOR_NAME = AccentColor;
				CODE_SIGN_STYLE = Automatic;
				CURRENT_PROJECT_VERSION = 1;
				DEVELOPMENT_ASSET_PATHS = "\"BMI_Remastered/Preview Content\"";
				DEVELOPMENT_TEAM = D3B28ZYAJ6;
				ENABLE_PREVIEWS = YES;
				GENERATE_INFOPLIST_FILE = YES;
				INFOPLIST_KEY_CFBundleDisplayName = HealthMetrics;
				INFOPLIST_KEY_LSApplicationCategoryType = "public.app-category.healthcare-fitness";
				INFOPLIST_KEY_UIApplicationSceneManifest_Generation = YES;
				INFOPLIST_KEY_UIApplicationSupportsIndirectInputEvents = YES;
				INFOPLIST_KEY_UILaunchScreen_Generation = YES;
				INFOPLIST_KEY_UISupportedInterfaceOrientations_iPad = "UIInterfaceOrientationPortrait UIInterfaceOrientationPortraitUpsideDown UIInterfaceOrientationLandscapeLeft UIInterfaceOrientationLandscapeRight";
				INFOPLIST_KEY_UISupportedInterfaceOrientations_iPhone = "UIInterfaceOrientationPortrait UIInterfaceOrientationLandscapeLeft UIInterfaceOrientationLandscapeRight";
				IPHONEOS_DEPLOYMENT_TARGET = 17.0;
				LD_RUNPATH_SEARCH_PATHS = (
					"$(inherited)",
					"@executable_path/Frameworks",
				);
				MARKETING_VERSION = 1.0;
				PRODUCT_BUNDLE_IDENTIFIER = "me.horn.victor.BMI--2";
				PRODUCT_NAME = "$(TARGET_NAME)";
				SWIFT_EMIT_LOC_STRINGS = YES;
				SWIFT_VERSION = 5.0;
				TARGETED_DEVICE_FAMILY = "1,2";
			};
			name = Debug;
		};
		56ABFA542AB23808005D7E49 /* Release */ = {
			isa = XCBuildConfiguration;
			buildSettings = {
				ASSETCATALOG_COMPILER_APPICON_NAME = AppIcon;
				ASSETCATALOG_COMPILER_GLOBAL_ACCENT_COLOR_NAME = AccentColor;
				CODE_SIGN_STYLE = Automatic;
				CURRENT_PROJECT_VERSION = 1;
				DEVELOPMENT_ASSET_PATHS = "\"BMI_Remastered/Preview Content\"";
				DEVELOPMENT_TEAM = D3B28ZYAJ6;
				ENABLE_PREVIEWS = YES;
				GENERATE_INFOPLIST_FILE = YES;
				INFOPLIST_KEY_CFBundleDisplayName = HealthMetrics;
				INFOPLIST_KEY_LSApplicationCategoryType = "public.app-category.healthcare-fitness";
				INFOPLIST_KEY_UIApplicationSceneManifest_Generation = YES;
				INFOPLIST_KEY_UIApplicationSupportsIndirectInputEvents = YES;
				INFOPLIST_KEY_UILaunchScreen_Generation = YES;
				INFOPLIST_KEY_UISupportedInterfaceOrientations_iPad = "UIInterfaceOrientationPortrait UIInterfaceOrientationPortraitUpsideDown UIInterfaceOrientationLandscapeLeft UIInterfaceOrientationLandscapeRight";
				INFOPLIST_KEY_UISupportedInterfaceOrientations_iPhone = "UIInterfaceOrientationPortrait UIInterfaceOrientationLandscapeLeft UIInterfaceOrientationLandscapeRight";
				IPHONEOS_DEPLOYMENT_TARGET = 17.0;
				LD_RUNPATH_SEARCH_PATHS = (
					"$(inherited)",
					"@executable_path/Frameworks",
				);
				MARKETING_VERSION = 1.0;
				PRODUCT_BUNDLE_IDENTIFIER = "me.horn.victor.BMI--2";
				PRODUCT_NAME = "$(TARGET_NAME)";
				SWIFT_EMIT_LOC_STRINGS = YES;
				SWIFT_VERSION = 5.0;
				TARGETED_DEVICE_FAMILY = "1,2";
			};
			name = Release;
		};
/* End XCBuildConfiguration section */

/* Begin XCConfigurationList section */
		56ABFA3F2AB23807005D7E49 /* Build configuration list for PBXProject "BMI_Remastered" */ = {
			isa = XCConfigurationList;
			buildConfigurations = (
				56ABFA502AB23808005D7E49 /* Debug */,
				56ABFA512AB23808005D7E49 /* Release */,
			);
			defaultConfigurationIsVisible = 0;
			defaultConfigurationName = Release;
		};
		56ABFA522AB23808005D7E49 /* Build configuration list for PBXNativeTarget "BMI_Remastered" */ = {
			isa = XCConfigurationList;
			buildConfigurations = (
				56ABFA532AB23808005D7E49 /* Debug */,
				56ABFA542AB23808005D7E49 /* Release */,
			);
			defaultConfigurationIsVisible = 0;
			defaultConfigurationName = Release;
		};
/* End XCConfigurationList section */

/* Begin XCRemoteSwiftPackageReference section */
		4F17B9BE2AC61A2B00E3C849 /* XCRemoteSwiftPackageReference "AnimatedNumber" */ = {
			isa = XCRemoteSwiftPackageReference;
			repositoryURL = "https://github.com/jeffgrann/AnimatedNumber";
			requirement = {
				kind = upToNextMajorVersion;
				minimumVersion = 1.0.7;
			};
		};
/* End XCRemoteSwiftPackageReference section */

/* Begin XCSwiftPackageProductDependency section */
		4F17B9BF2AC61A2B00E3C849 /* AnimatedNumber */ = {
			isa = XCSwiftPackageProductDependency;
			package = 4F17B9BE2AC61A2B00E3C849 /* XCRemoteSwiftPackageReference "AnimatedNumber" */;
			productName = AnimatedNumber;
		};
/* End XCSwiftPackageProductDependency section */
	};
	rootObject = 56ABFA3C2AB23807005D7E49 /* Project object */;
}
